
Microsoft Visual Studio Solution File, Format Version 12.00
# Visual Studio Version 16
VisualStudioVersion = 16.0.30011.22
MinimumVisualStudioVersion = 10.0.40219.1
Project("{FAE04EC0-301F-11D3-BF4B-00C04F79EFBC}") = "WebRoomBook", "WebRoomBook.csproj", "{81B1D7D9-DAF6-4885-80A5-41C177101572}"
EndProject
Global
	GlobalSection(SolutionConfigurationPlatforms) = preSolution
		Debug|Any CPU = Debug|Any CPU
		Release|Any CPU = Release|Any CPU
	EndGlobalSection
	GlobalSection(ProjectConfigurationPlatforms) = postSolution
		{81B1D7D9-DAF6-4885-80A5-41C177101572}.Debug|Any CPU.ActiveCfg = Debug|Any CPU
		{81B1D7D9-DAF6-4885-80A5-41C177101572}.Debug|Any CPU.Build.0 = Debug|Any CPU
		{81B1D7D9-DAF6-4885-80A5-41C177101572}.Release|Any CPU.ActiveCfg = Release|Any CPU
		{81B1D7D9-DAF6-4885-80A5-41C177101572}.Release|Any CPU.Build.0 = Release|Any CPU
	EndGlobalSection
	GlobalSection(SolutionProperties) = preSolution
		HideSolutionNode = FALSE
	EndGlobalSection
	GlobalSection(ExtensibilityGlobals) = postSolution
		SolutionGuid = {35B47462-4FED-4F71-B300-8E4A22C09F46}
	EndGlobalSection
EndGlobal
